
Microsoft Visual Studio Solution File, Format Version 12.00
# Visual Studio Version 16
VisualStudioVersion = 16.0.31019.35
MinimumVisualStudioVersion = 10.0.40219.1
Project("{FAE04EC0-301F-11D3-BF4B-00C04F79EFBC}") = "TextCryption 1.2", "TextCryption 1.0\TextCryption 1.2.csproj", "{EA70303C-78F6-4E8E-A979-3AB3D018D8E5}"
EndProject
Global
	GlobalSection(SolutionConfigurationPlatforms) = preSolution
		Debug|Any CPU = Debug|Any CPU
		Release|Any CPU = Release|Any CPU
	EndGlobalSection
	GlobalSection(ProjectConfigurationPlatforms) = postSolution
		{EA70303C-78F6-4E8E-A979-3AB3D018D8E5}.Debug|Any CPU.ActiveCfg = Debug|Any CPU
		{EA70303C-78F6-4E8E-A979-3AB3D018D8E5}.Debug|Any CPU.Build.0 = Debug|Any CPU
		{EA70303C-78F6-4E8E-A979-3AB3D018D8E5}.Release|Any CPU.ActiveCfg = Release|Any CPU
		{EA70303C-78F6-4E8E-A979-3AB3D018D8E5}.Release|Any CPU.Build.0 = Release|Any CPU
	EndGlobalSection
	GlobalSection(SolutionProperties) = preSolution
		HideSolutionNode = FALSE
	EndGlobalSection
	GlobalSection(ExtensibilityGlobals) = postSolution
		SolutionGuid = {C6EE7933-CC12-4A77-8111-0D5CB37B2393}
	EndGlobalSection
EndGlobal
